
Microsoft Visual Studio Solution File, Format Version 12.00
# Visual Studio Version 17
VisualStudioVersion = 17.13.35806.99
MinimumVisualStudioVersion = 10.0.40219.1
Project("{2150E333-8FDC-42A3-9474-1A3956D46DE8}") = "src", "src", "{02EA681E-C7D8-13C7-8484-4AC65E1B71E8}"
EndProject
Project("{2150E333-8FDC-42A3-9474-1A3956D46DE8}") = "test", "test", "{8EB4207B-EF97-4662-A928-FCF946638DE4}"
EndProject
Project("{2150E333-8FDC-42A3-9474-1A3956D46DE8}") = "API", "API", "{FCB2C54B-4003-49C9-AB2B-31F157F52A6F}"
EndProject
Project("{2150E333-8FDC-42A3-9474-1A3956D46DE8}") = "Core", "Core", "{8325A717-051D-47D2-84DE-C2625B18735F}"
EndProject
Project("{2150E333-8FDC-42A3-9474-1A3956D46DE8}") = "Infrastructure", "Infrastructure", "{0025B6ED-F8C3-4862-8345-3D0EA4F4E183}"
EndProject
Project("{2150E333-8FDC-42A3-9474-1A3956D46DE8}") = "UI", "UI", "{B8E0ACFC-44BB-4A50-9C31-FB7FAE902C4B}"
EndProject
Project("{FAE04EC0-301F-11D3-BF4B-00C04F79EFBC}") = "Domain", "Domain\Domain.csproj", "{5929A9BE-C4EF-4C87-B008-C1A93CD86474}"
EndProject
Project("{FAE04EC0-301F-11D3-BF4B-00C04F79EFBC}") = "Application", "Application\Application.csproj", "{3D790CD1-DDED-4A44-9385-62C4DFAFD103}"
EndProject
Project("{FAE04EC0-301F-11D3-BF4B-00C04F79EFBC}") = "Persistence", "Persistence\Persistence.csproj", "{727CFD8C-23B7-C991-64E7-E71059A345FA}"
EndProject
Global
	GlobalSection(SolutionConfigurationPlatforms) = preSolution
		Debug|Any CPU = Debug|Any CPU
		Release|Any CPU = Release|Any CPU
	EndGlobalSection
	GlobalSection(ProjectConfigurationPlatforms) = postSolution
		{5929A9BE-C4EF-4C87-B008-C1A93CD86474}.Debug|Any CPU.ActiveCfg = Debug|Any CPU
		{5929A9BE-C4EF-4C87-B008-C1A93CD86474}.Debug|Any CPU.Build.0 = Debug|Any CPU
		{5929A9BE-C4EF-4C87-B008-C1A93CD86474}.Release|Any CPU.ActiveCfg = Release|Any CPU
		{5929A9BE-C4EF-4C87-B008-C1A93CD86474}.Release|Any CPU.Build.0 = Release|Any CPU
		{3D790CD1-DDED-4A44-9385-62C4DFAFD103}.Debug|Any CPU.ActiveCfg = Debug|Any CPU
		{3D790CD1-DDED-4A44-9385-62C4DFAFD103}.Debug|Any CPU.Build.0 = Debug|Any CPU
		{3D790CD1-DDED-4A44-9385-62C4DFAFD103}.Release|Any CPU.ActiveCfg = Release|Any CPU
		{3D790CD1-DDED-4A44-9385-62C4DFAFD103}.Release|Any CPU.Build.0 = Release|Any CPU
		{727CFD8C-23B7-C991-64E7-E71059A345FA}.Debug|Any CPU.ActiveCfg = Debug|Any CPU
		{727CFD8C-23B7-C991-64E7-E71059A345FA}.Debug|Any CPU.Build.0 = Debug|Any CPU
		{727CFD8C-23B7-C991-64E7-E71059A345FA}.Release|Any CPU.ActiveCfg = Release|Any CPU
		{727CFD8C-23B7-C991-64E7-E71059A345FA}.Release|Any CPU.Build.0 = Release|Any CPU
	EndGlobalSection
	GlobalSection(SolutionProperties) = preSolution
		HideSolutionNode = FALSE
	EndGlobalSection
	GlobalSection(NestedProjects) = preSolution
		{FCB2C54B-4003-49C9-AB2B-31F157F52A6F} = {02EA681E-C7D8-13C7-8484-4AC65E1B71E8}
		{8325A717-051D-47D2-84DE-C2625B18735F} = {02EA681E-C7D8-13C7-8484-4AC65E1B71E8}
		{0025B6ED-F8C3-4862-8345-3D0EA4F4E183} = {02EA681E-C7D8-13C7-8484-4AC65E1B71E8}
		{B8E0ACFC-44BB-4A50-9C31-FB7FAE902C4B} = {02EA681E-C7D8-13C7-8484-4AC65E1B71E8}
		{5929A9BE-C4EF-4C87-B008-C1A93CD86474} = {8325A717-051D-47D2-84DE-C2625B18735F}
		{3D790CD1-DDED-4A44-9385-62C4DFAFD103} = {8325A717-051D-47D2-84DE-C2625B18735F}
		{727CFD8C-23B7-C991-64E7-E71059A345FA} = {0025B6ED-F8C3-4862-8345-3D0EA4F4E183}
	EndGlobalSection
	GlobalSection(ExtensibilityGlobals) = postSolution
		SolutionGuid = {70AD851E-087A-4A34-AE0F-F67952421830}
	EndGlobalSection
EndGlobal
